
Microsoft Visual Studio Solution File, Format Version 12.00
# Visual Studio Version 17
VisualStudioVersion = 17.1.32421.90
MinimumVisualStudioVersion = 10.0.40219.1
Project("{FAE04EC0-301F-11D3-BF4B-00C04F79EFBC}") = "calculadora", "calculadora\calculadora.csproj", "{A3938D7B-92F6-4805-899F-C8F2E06D7395}"
EndProject
Global
	GlobalSection(SolutionConfigurationPlatforms) = preSolution
		Debug|Any CPU = Debug|Any CPU
		Release|Any CPU = Release|Any CPU
	EndGlobalSection
	GlobalSection(ProjectConfigurationPlatforms) = postSolution
		{A3938D7B-92F6-4805-899F-C8F2E06D7395}.Debug|Any CPU.ActiveCfg = Debug|Any CPU
		{A3938D7B-92F6-4805-899F-C8F2E06D7395}.Debug|Any CPU.Build.0 = Debug|Any CPU
		{A3938D7B-92F6-4805-899F-C8F2E06D7395}.Release|Any CPU.ActiveCfg = Release|Any CPU
		{A3938D7B-92F6-4805-899F-C8F2E06D7395}.Release|Any CPU.Build.0 = Release|Any CPU
	EndGlobalSection
	GlobalSection(SolutionProperties) = preSolution
		HideSolutionNode = FALSE
	EndGlobalSection
	GlobalSection(ExtensibilityGlobals) = postSolution
		SolutionGuid = {EBABDC4A-0B29-4C94-A260-8C4F91BC459E}
	EndGlobalSection
EndGlobal
